
Microsoft Visual Studio Solution File, Format Version 12.00
# Visual Studio Version 17
VisualStudioVersion = 17.4.33122.133
MinimumVisualStudioVersion = 10.0.40219.1
Project("{9A19103F-16F7-4668-BE54-9A1E7A4F7556}") = "RegistrationWizard", "RegistrationWizard.csproj", "{78BE449E-C90E-46EA-A589-BF2B8F587227}"
EndProject
Global
	GlobalSection(SolutionConfigurationPlatforms) = preSolution
		Debug|Any CPU = Debug|Any CPU
		Release|Any CPU = Release|Any CPU
	EndGlobalSection
	GlobalSection(ProjectConfigurationPlatforms) = postSolution
		{78BE449E-C90E-46EA-A589-BF2B8F587227}.Debug|Any CPU.ActiveCfg = Debug|Any CPU
		{78BE449E-C90E-46EA-A589-BF2B8F587227}.Debug|Any CPU.Build.0 = Debug|Any CPU
		{78BE449E-C90E-46EA-A589-BF2B8F587227}.Release|Any CPU.ActiveCfg = Release|Any CPU
		{78BE449E-C90E-46EA-A589-BF2B8F587227}.Release|Any CPU.Build.0 = Release|Any CPU
	EndGlobalSection
	GlobalSection(SolutionProperties) = preSolution
		HideSolutionNode = FALSE
	EndGlobalSection
	GlobalSection(ExtensibilityGlobals) = postSolution
		SolutionGuid = {0A2E4CE0-E203-4C8D-BBF1-D60564C89F7A}
	EndGlobalSection
EndGlobal
